<?xml version="1.0" encoding="utf-8"?>
<Project ToolsVersion="4.0" xmlns="http://schemas.microsoft.com/developer/msbuild/2003">
  <ItemGroup>
    <Filter Include="Header Files">
      <UniqueIdentifier>{93995380-89BD-4b04-88EB-625FBE52EBFB}</UniqueIdentifier>
      <Extensions>h;hh;hpp;hxx;hm;inl;inc;ipp;xsd</Extensions>
    </Filter>
    <Filter Include="Resource Files">
      <UniqueIdentifier>{67DA6AB6-F800-4c08-8B7A-83BB121AAD01}</UniqueIdentifier>
      <Extensions>rc;ico;cur;bmp;dlg;rc2;rct;bin;rgs;gif;jpg;jpeg;jpe;resx;tiff;tif;png;wav;mfcribbon-ms</Extensions>
    </Filter>
    <Filter Include="Main">
      <UniqueIdentifier>{4FC737F1-C7A5-4376-A066-2A32D752A2FF}</UniqueIdentifier>
      <Extensions>cpp;c;cc;cxx;def;odl;idl;hpj;bat;asm;asmx</Extensions>
    </Filter>
    <Filter Include="MimiSecBaseWin">
      <UniqueIdentifier>{19105af4-108e-443f-8b44-d81f85b16435}</UniqueIdentifier>
    </Filter>
    <Filter Include="BaseLogLoad">
      <UniqueIdentifier>{bbbc22d8-def6-46be-8f82-09bfd15bb818}</UniqueIdentifier>
    </Filter>
  </ItemGroup>
  <ItemGroup>
    <ClInclude Include="framework.h">
      <Filter>Header Files</Filter>
    </ClInclude>
    <ClInclude Include="targetver.h">
      <Filter>Header Files</Filter>
    </ClInclude>
    <ClInclude Include="Resource.h">
      <Filter>Header Files</Filter>
    </ClInclude>
    <ClInclude Include="MimiSecUI.h">
      <Filter>Header Files</Filter>
    </ClInclude>
    <ClInclude Include="MimiSecLoadDlg.h">
      <Filter>BaseLogLoad</Filter>
    </ClInclude>
    <ClInclude Include="StdAfx.h">
      <Filter>Header Files</Filter>
    </ClInclude>
    <ClInclude Include="MimiSecBaseDlg.h">
      <Filter>MimiSecBaseWin</Filter>
    </ClInclude>
  </ItemGroup>
  <ItemGroup>
    <ClCompile Include="MimiSecUI.cpp">
      <Filter>Main</Filter>
    </ClCompile>
    <ClCompile Include="StdAfx.cpp">
      <Filter>Main</Filter>
    </ClCompile>
    <ClCompile Include="MimiSecLoadDlg.cpp">
      <Filter>BaseLogLoad</Filter>
    </ClCompile>
    <ClCompile Include="MimiSecBaseDlg.cpp">
      <Filter>MimiSecBaseWin</Filter>
    </ClCompile>
  </ItemGroup>
  <ItemGroup>
    <ResourceCompile Include="MimiSecUI.rc">
      <Filter>Resource Files</Filter>
    </ResourceCompile>
  </ItemGroup>
  <ItemGroup>
    <Image Include="small.ico">
      <Filter>Resource Files</Filter>
    </Image>
    <Image Include="MimiSecUI.ico">
      <Filter>Resource Files</Filter>
    </Image>
  </ItemGroup>
  <ItemGroup>
    <Xml Include="..\bin\skin\MimiSec\MimiSecBaseDlg.xml">
      <Filter>MimiSecBaseWin</Filter>
    </Xml>
    <Xml Include="..\bin\skin\MimiSec\skin.xml">
      <Filter>BaseLogLoad</Filter>
    </Xml>
    <Xml Include="..\bin\skin\MimiSec\menu.xml">
      <Filter>Resource Files</Filter>
    </Xml>
    <Xml Include="..\bin\skin\MimiSec\listitem.xml">
      <Filter>Resource Files</Filter>
    </Xml>
  </ItemGroup>
</Project>